
Microsoft Visual Studio Solution File, Format Version 12.00
# Visual Studio Version 16
VisualStudioVersion = 16.0.30503.244
MinimumVisualStudioVersion = 10.0.40219.1
Project("{FAE04EC0-301F-11D3-BF4B-00C04F79EFBC}") = "MyAPI", "MyAPI\MyAPI.csproj", "{221800EA-689D-4921-8C74-3069CA0104E3}"
EndProject
Project("{FAE04EC0-301F-11D3-BF4B-00C04F79EFBC}") = "MyAPI.Tests", "MyAPI.Tests\MyAPI.Tests.csproj", "{7C930D92-EE94-4617-977C-53D579673ADC}"
EndProject
Global
	GlobalSection(SolutionConfigurationPlatforms) = preSolution
		Debug|Any CPU = Debug|Any CPU
		Release|Any CPU = Release|Any CPU
	EndGlobalSection
	GlobalSection(ProjectConfigurationPlatforms) = postSolution
		{221800EA-689D-4921-8C74-3069CA0104E3}.Debug|Any CPU.ActiveCfg = Debug|Any CPU
		{221800EA-689D-4921-8C74-3069CA0104E3}.Debug|Any CPU.Build.0 = Debug|Any CPU
		{221800EA-689D-4921-8C74-3069CA0104E3}.Release|Any CPU.ActiveCfg = Release|Any CPU
		{221800EA-689D-4921-8C74-3069CA0104E3}.Release|Any CPU.Build.0 = Release|Any CPU
		{7C930D92-EE94-4617-977C-53D579673ADC}.Debug|Any CPU.ActiveCfg = Debug|Any CPU
		{7C930D92-EE94-4617-977C-53D579673ADC}.Debug|Any CPU.Build.0 = Debug|Any CPU
		{7C930D92-EE94-4617-977C-53D579673ADC}.Release|Any CPU.ActiveCfg = Release|Any CPU
		{7C930D92-EE94-4617-977C-53D579673ADC}.Release|Any CPU.Build.0 = Release|Any CPU
	EndGlobalSection
	GlobalSection(SolutionProperties) = preSolution
		HideSolutionNode = FALSE
	EndGlobalSection
	GlobalSection(ExtensibilityGlobals) = postSolution
		SolutionGuid = {DD328090-C5EB-4CF5-88F4-90953BEA21D2}
	EndGlobalSection
EndGlobal
